// !$*UTF8*$!
{
	archiveVersion = 1;
	classes = {
	};
	objectVersion = 46;
	objects = {

/* Begin PBXBuildFile section */
		5263609E1DDB389700701DEB /* AppDelegate.swift in Sources */ = {isa = PBXBuildFile; fileRef = 5263609D1DDB389700701DEB /* AppDelegate.swift */; };
		526360A51DDB389800701DEB /* Main.storyboard in Resources */ = {isa = PBXBuildFile; fileRef = 526360A31DDB389800701DEB /* Main.storyboard */; };
		526360A71DDB389800701DEB /* Assets.xcassets in Resources */ = {isa = PBXBuildFile; fileRef = 526360A61DDB389800701DEB /* Assets.xcassets */; };
		526360C01DDB42D500701DEB /* 💇.swift in Sources */ = {isa = PBXBuildFile; fileRef = 526360B61DDB42D500701DEB /* 💇.swift */; };
		526360C11DDB42D500701DEB /* 💵.swift in Sources */ = {isa = PBXBuildFile; fileRef = 526360B71DDB42D500701DEB /* 💵.swift */; };
		526360C31DDB42D500701DEB /* AddIncomeViewController.swift in Sources */ = {isa = PBXBuildFile; fileRef = 526360B91DDB42D500701DEB /* AddIncomeViewController.swift */; };
		526360C41DDB42D500701DEB /* AddClientViewController.swift in Sources */ = {isa = PBXBuildFile; fileRef = 526360BA1DDB42D500701DEB /* AddClientViewController.swift */; };
		526360C61DDB42D500701DEB /* clientTableViewController.swift in Sources */ = {isa = PBXBuildFile; fileRef = 526360BC1DDB42D500701DEB /* clientTableViewController.swift */; };
		526360C91DDB42D500701DEB /* 💵Cell.swift in Sources */ = {isa = PBXBuildFile; fileRef = 526360BF1DDB42D500701DEB /* 💵Cell.swift */; };
		526360DD1DDB492800701DEB /* swift-3.0 in Resources */ = {isa = PBXBuildFile; fileRef = 526360DC1DDB492800701DEB /* swift-3.0 */; };
		526360E01DDB49B700701DEB /* Realm.framework in Frameworks */ = {isa = PBXBuildFile; fileRef = 526360DE1DDB49B700701DEB /* Realm.framework */; };
		526360E11DDB49B700701DEB /* Realm.framework in Embed Frameworks */ = {isa = PBXBuildFile; fileRef = 526360DE1DDB49B700701DEB /* Realm.framework */; settings = {ATTRIBUTES = (CodeSignOnCopy, RemoveHeadersOnCopy, ); }; };
		526360E21DDB49B700701DEB /* RealmSwift.framework in Frameworks */ = {isa = PBXBuildFile; fileRef = 526360DF1DDB49B700701DEB /* RealmSwift.framework */; };
		526360E31DDB49B700701DEB /* RealmSwift.framework in Embed Frameworks */ = {isa = PBXBuildFile; fileRef = 526360DF1DDB49B700701DEB /* RealmSwift.framework */; settings = {ATTRIBUTES = (CodeSignOnCopy, RemoveHeadersOnCopy, ); }; };
		526360E61DDB4AE100701DEB /* incomeTableViewController.swift in Sources */ = {isa = PBXBuildFile; fileRef = 526360E51DDB4AE100701DEB /* incomeTableViewController.swift */; };
		52992AA01DDB543F00552D1D /* LaunchScreen.storyboard in Resources */ = {isa = PBXBuildFile; fileRef = 52992A9F1DDB543F00552D1D /* LaunchScreen.storyboard */; };
		52992AA21DDBA7C200552D1D /* 💯.swift in Sources */ = {isa = PBXBuildFile; fileRef = 52992AA11DDBA7C200552D1D /* 💯.swift */; };
		52992AA41DDC53B500552D1D /* ClientDetailViewController.swift in Sources */ = {isa = PBXBuildFile; fileRef = 52992AA31DDC53B500552D1D /* ClientDetailViewController.swift */; };
		52992AA81DDC5A6A00552D1D /* 💇Cell.swift in Sources */ = {isa = PBXBuildFile; fileRef = 52992AA71DDC5A6A00552D1D /* 💇Cell.swift */; };
/* End PBXBuildFile section */

/* Begin PBXCopyFilesBuildPhase section */
		526360E41DDB49B700701DEB /* Embed Frameworks */ = {
			isa = PBXCopyFilesBuildPhase;
			buildActionMask = 2147483647;
			dstPath = "";
			dstSubfolderSpec = 10;
			files = (
				526360E31DDB49B700701DEB /* RealmSwift.framework in Embed Frameworks */,
				526360E11DDB49B700701DEB /* Realm.framework in Embed Frameworks */,
			);
			name = "Embed Frameworks";
			runOnlyForDeploymentPostprocessing = 0;
		};
/* End PBXCopyFilesBuildPhase section */

/* Begin PBXFileReference section */
		5263609A1DDB389700701DEB /* iBarber.app */ = {isa = PBXFileReference; explicitFileType = wrapper.application; includeInIndex = 0; path = iBarber.app; sourceTree = BUILT_PRODUCTS_DIR; };
		5263609D1DDB389700701DEB /* AppDelegate.swift */ = {isa = PBXFileReference; lastKnownFileType = sourcecode.swift; path = AppDelegate.swift; sourceTree = "<group>"; };
		526360A41DDB389800701DEB /* Base */ = {isa = PBXFileReference; lastKnownFileType = file.storyboard; name = Base; path = Base.lproj/Main.storyboard; sourceTree = "<group>"; };
		526360A61DDB389800701DEB /* Assets.xcassets */ = {isa = PBXFileReference; lastKnownFileType = folder.assetcatalog; path = Assets.xcassets; sourceTree = "<group>"; };
		526360AB1DDB389800701DEB /* Info.plist */ = {isa = PBXFileReference; lastKnownFileType = text.plist.xml; path = Info.plist; sourceTree = "<group>"; };
		526360B61DDB42D500701DEB /* 💇.swift */ = {isa = PBXFileReference; fileEncoding = 4; lastKnownFileType = sourcecode.swift; path = "💇.swift"; sourceTree = "<group>"; };
		526360B71DDB42D500701DEB /* 💵.swift */ = {isa = PBXFileReference; fileEncoding = 4; lastKnownFileType = sourcecode.swift; path = "💵.swift"; sourceTree = "<group>"; };
		526360B91DDB42D500701DEB /* AddIncomeViewController.swift */ = {isa = PBXFileReference; fileEncoding = 4; lastKnownFileType = sourcecode.swift; path = AddIncomeViewController.swift; sourceTree = "<group>"; };
		526360BA1DDB42D500701DEB /* AddClientViewController.swift */ = {isa = PBXFileReference; fileEncoding = 4; lastKnownFileType = sourcecode.swift; path = AddClientViewController.swift; sourceTree = "<group>"; };
		526360BC1DDB42D500701DEB /* clientTableViewController.swift */ = {isa = PBXFileReference; fileEncoding = 4; lastKnownFileType = sourcecode.swift; path = clientTableViewController.swift; sourceTree = "<group>"; };
		526360BF1DDB42D500701DEB /* 💵Cell.swift */ = {isa = PBXFileReference; fileEncoding = 4; lastKnownFileType = sourcecode.swift; path = "💵Cell.swift"; sourceTree = "<group>"; };
		526360DC1DDB492800701DEB /* swift-3.0 */ = {isa = PBXFileReference; lastKnownFileType = folder; path = "swift-3.0"; sourceTree = "<group>"; };
		526360DE1DDB49B700701DEB /* Realm.framework */ = {isa = PBXFileReference; lastKnownFileType = wrapper.framework; name = Realm.framework; path = "swift-3.0/Realm.framework"; sourceTree = "<group>"; };
		526360DF1DDB49B700701DEB /* RealmSwift.framework */ = {isa = PBXFileReference; lastKnownFileType = wrapper.framework; name = RealmSwift.framework; path = "swift-3.0/RealmSwift.framework"; sourceTree = "<group>"; };
		526360E51DDB4AE100701DEB /* incomeTableViewController.swift */ = {isa = PBXFileReference; fileEncoding = 4; lastKnownFileType = sourcecode.swift; path = incomeTableViewController.swift; sourceTree = "<group>"; };
		52992A9F1DDB543F00552D1D /* LaunchScreen.storyboard */ = {isa = PBXFileReference; fileEncoding = 4; lastKnownFileType = file.storyboard; path = LaunchScreen.storyboard; sourceTree = "<group>"; };
		52992AA11DDBA7C200552D1D /* 💯.swift */ = {isa = PBXFileReference; fileEncoding = 4; lastKnownFileType = sourcecode.swift; path = "💯.swift"; sourceTree = "<group>"; };
		52992AA31DDC53B500552D1D /* ClientDetailViewController.swift */ = {isa = PBXFileReference; fileEncoding = 4; lastKnownFileType = sourcecode.swift; path = ClientDetailViewController.swift; sourceTree = "<group>"; };
		52992AA71DDC5A6A00552D1D /* 💇Cell.swift */ = {isa = PBXFileReference; fileEncoding = 4; lastKnownFileType = sourcecode.swift; path = "💇Cell.swift"; sourceTree = "<group>"; };
/* End PBXFileReference section */

/* Begin PBXFrameworksBuildPhase section */
		526360971DDB389700701DEB /* Frameworks */ = {
			isa = PBXFrameworksBuildPhase;
			buildActionMask = 2147483647;
			files = (
				526360E21DDB49B700701DEB /* RealmSwift.framework in Frameworks */,
				526360E01DDB49B700701DEB /* Realm.framework in Frameworks */,
			);
			runOnlyForDeploymentPostprocessing = 0;
		};
/* End PBXFrameworksBuildPhase section */

/* Begin PBXGroup section */
		526360911DDB389700701DEB = {
			isa = PBXGroup;
			children = (
				526360DE1DDB49B700701DEB /* Realm.framework */,
				526360DF1DDB49B700701DEB /* RealmSwift.framework */,
				526360DC1DDB492800701DEB /* swift-3.0 */,
				5263609C1DDB389700701DEB /* iBarber */,
				5263609B1DDB389700701DEB /* Products */,
			);
			sourceTree = "<group>";
		};
		5263609B1DDB389700701DEB /* Products */ = {
			isa = PBXGroup;
			children = (
				5263609A1DDB389700701DEB /* iBarber.app */,
			);
			name = Products;
			sourceTree = "<group>";
		};
		5263609C1DDB389700701DEB /* iBarber */ = {
			isa = PBXGroup;
			children = (
				52992AA11DDBA7C200552D1D /* 💯.swift */,
				526360B61DDB42D500701DEB /* 💇.swift */,
				526360B71DDB42D500701DEB /* 💵.swift */,
				526360B91DDB42D500701DEB /* AddIncomeViewController.swift */,
				526360BA1DDB42D500701DEB /* AddClientViewController.swift */,
				526360BC1DDB42D500701DEB /* clientTableViewController.swift */,
				52992AA31DDC53B500552D1D /* ClientDetailViewController.swift */,
				526360E51DDB4AE100701DEB /* incomeTableViewController.swift */,
				52992AA71DDC5A6A00552D1D /* 💇Cell.swift */,
				526360BF1DDB42D500701DEB /* 💵Cell.swift */,
				5263609D1DDB389700701DEB /* AppDelegate.swift */,
				526360A31DDB389800701DEB /* Main.storyboard */,
				526360A61DDB389800701DEB /* Assets.xcassets */,
				52992A9F1DDB543F00552D1D /* LaunchScreen.storyboard */,
				526360AB1DDB389800701DEB /* Info.plist */,
			);
			path = iBarber;
			sourceTree = "<group>";
		};
/* End PBXGroup section */

/* Begin PBXNativeTarget section */
		526360991DDB389700701DEB /* iBarber */ = {
			isa = PBXNativeTarget;
			buildConfigurationList = 526360AE1DDB389800701DEB /* Build configuration list for PBXNativeTarget "iBarber" */;
			buildPhases = (
				526360961DDB389700701DEB /* Sources */,
				526360971DDB389700701DEB /* Frameworks */,
				526360981DDB389700701DEB /* Resources */,
				526360E41DDB49B700701DEB /* Embed Frameworks */,
			);
			buildRules = (
			);
			dependencies = (
			);
			name = iBarber;
			productName = iBarber;
			productReference = 5263609A1DDB389700701DEB /* iBarber.app */;
			productType = "com.apple.product-type.application";
		};
/* End PBXNativeTarget section */

/* Begin PBXProject section */
		526360921DDB389700701DEB /* Project object */ = {
			isa = PBXProject;
			attributes = {
				LastSwiftUpdateCheck = 0800;
				LastUpgradeCheck = 0800;
				ORGANIZATIONNAME = "Macbook Pro";
				TargetAttributes = {
					526360991DDB389700701DEB = {
						CreatedOnToolsVersion = 8.0;
						DevelopmentTeam = F93Z63QDN8;
						ProvisioningStyle = Automatic;
					};
				};
			};
			buildConfigurationList = 526360951DDB389700701DEB /* Build configuration list for PBXProject "iBarber" */;
			compatibilityVersion = "Xcode 3.2";
			developmentRegion = English;
			hasScannedForEncodings = 0;
			knownRegions = (
				en,
				Base,
			);
			mainGroup = 526360911DDB389700701DEB;
			productRefGroup = 5263609B1DDB389700701DEB /* Products */;
			projectDirPath = "";
			projectRoot = "";
			targets = (
				526360991DDB389700701DEB /* iBarber */,
			);
		};
/* End PBXProject section */

/* Begin PBXResourcesBuildPhase section */
		526360981DDB389700701DEB /* Resources */ = {
			isa = PBXResourcesBuildPhase;
			buildActionMask = 2147483647;
			files = (
				526360DD1DDB492800701DEB /* swift-3.0 in Resources */,
				526360A71DDB389800701DEB /* Assets.xcassets in Resources */,
				52992AA01DDB543F00552D1D /* LaunchScreen.storyboard in Resources */,
				526360A51DDB389800701DEB /* Main.storyboard in Resources */,
			);
			runOnlyForDeploymentPostprocessing = 0;
		};
/* End PBXResourcesBuildPhase section */

/* Begin PBXSourcesBuildPhase section */
		526360961DDB389700701DEB /* Sources */ = {
			isa = PBXSourcesBuildPhase;
			buildActionMask = 2147483647;
			files = (
				5263609E1DDB389700701DEB /* AppDelegate.swift in Sources */,
				526360C61DDB42D500701DEB /* clientTableViewController.swift in Sources */,
				526360C11DDB42D500701DEB /* 💵.swift in Sources */,
				52992AA41DDC53B500552D1D /* ClientDetailViewController.swift in Sources */,
				52992AA21DDBA7C200552D1D /* 💯.swift in Sources */,
				526360C01DDB42D500701DEB /* 💇.swift in Sources */,
				52992AA81DDC5A6A00552D1D /* 💇Cell.swift in Sources */,
				526360C31DDB42D500701DEB /* AddIncomeViewController.swift in Sources */,
				526360E61DDB4AE100701DEB /* incomeTableViewController.swift in Sources */,
				526360C91DDB42D500701DEB /* 💵Cell.swift in Sources */,
				526360C41DDB42D500701DEB /* AddClientViewController.swift in Sources */,
			);
			runOnlyForDeploymentPostprocessing = 0;
		};
/* End PBXSourcesBuildPhase section */

/* Begin PBXVariantGroup section */
		526360A31DDB389800701DEB /* Main.storyboard */ = {
			isa = PBXVariantGroup;
			children = (
				526360A41DDB389800701DEB /* Base */,
			);
			name = Main.storyboard;
			sourceTree = "<group>";
		};
/* End PBXVariantGroup section */

/* Begin XCBuildConfiguration section */
		526360AC1DDB389800701DEB /* Debug */ = {
			isa = XCBuildConfiguration;
			buildSettings = {
				ALWAYS_SEARCH_USER_PATHS = NO;
				CLANG_ANALYZER_NONNULL = YES;
				CLANG_CXX_LANGUAGE_STANDARD = "gnu++0x";
				CLANG_CXX_LIBRARY = "libc++";
				CLANG_ENABLE_MODULES = YES;
				CLANG_ENABLE_OBJC_ARC = YES;
				CLANG_WARN_BOOL_CONVERSION = YES;
				CLANG_WARN_CONSTANT_CONVERSION = YES;
				CLANG_WARN_DIRECT_OBJC_ISA_USAGE = YES_ERROR;
				CLANG_WARN_DOCUMENTATION_COMMENTS = YES;
				CLANG_WARN_EMPTY_BODY = YES;
				CLANG_WARN_ENUM_CONVERSION = YES;
				CLANG_WARN_INFINITE_RECURSION = YES;
				CLANG_WARN_INT_CONVERSION = YES;
				CLANG_WARN_OBJC_ROOT_CLASS = YES_ERROR;
				CLANG_WARN_SUSPICIOUS_MOVES = YES;
				CLANG_WARN_UNREACHABLE_CODE = YES;
				CLANG_WARN__DUPLICATE_METHOD_MATCH = YES;
				"CODE_SIGN_IDENTITY[sdk=iphoneos*]" = "iPhone Developer";
				COPY_PHASE_STRIP = NO;
				DEBUG_INFORMATION_FORMAT = dwarf;
				ENABLE_STRICT_OBJC_MSGSEND = YES;
				ENABLE_TESTABILITY = YES;
				GCC_C_LANGUAGE_STANDARD = gnu99;
				GCC_DYNAMIC_NO_PIC = NO;
				GCC_NO_COMMON_BLOCKS = YES;
				GCC_OPTIMIZATION_LEVEL = 0;
				GCC_PREPROCESSOR_DEFINITIONS = (
					"DEBUG=1",
					"$(inherited)",
				);
				GCC_WARN_64_TO_32_BIT_CONVERSION = YES;
				GCC_WARN_ABOUT_RETURN_TYPE = YES_ERROR;
				GCC_WARN_UNDECLARED_SELECTOR = YES;
				GCC_WARN_UNINITIALIZED_AUTOS = YES_AGGRESSIVE;
				GCC_WARN_UNUSED_FUNCTION = YES;
				GCC_WARN_UNUSED_VARIABLE = YES;
				IPHONEOS_DEPLOYMENT_TARGET = 10.0;
				MTL_ENABLE_DEBUG_INFO = YES;
				ONLY_ACTIVE_ARCH = YES;
				SDKROOT = iphoneos;
				SWIFT_ACTIVE_COMPILATION_CONDITIONS = DEBUG;
				SWIFT_OPTIMIZATION_LEVEL = "-Onone";
				TARGETED_DEVICE_FAMILY = "1,2";
			};
			name = Debug;
		};
		526360AD1DDB389800701DEB /* Release */ = {
			isa = XCBuildConfiguration;
			buildSettings = {
				ALWAYS_SEARCH_USER_PATHS = NO;
				CLANG_ANALYZER_NONNULL = YES;
				CLANG_CXX_LANGUAGE_STANDARD = "gnu++0x";
				CLANG_CXX_LIBRARY = "libc++";
				CLANG_ENABLE_MODULES = YES;
				CLANG_ENABLE_OBJC_ARC = YES;
				CLANG_WARN_BOOL_CONVERSION = YES;
				CLANG_WARN_CONSTANT_CONVERSION = YES;
				CLANG_WARN_DIRECT_OBJC_ISA_USAGE = YES_ERROR;
				CLANG_WARN_DOCUMENTATION_COMMENTS = YES;
				CLANG_WARN_EMPTY_BODY = YES;
				CLANG_WARN_ENUM_CONVERSION = YES;
				CLANG_WARN_INFINITE_RECURSION = YES;
				CLANG_WARN_INT_CONVERSION = YES;
				CLANG_WARN_OBJC_ROOT_CLASS = YES_ERROR;
				CLANG_WARN_SUSPICIOUS_MOVES = YES;
				CLANG_WARN_UNREACHABLE_CODE = YES;
				CLANG_WARN__DUPLICATE_METHOD_MATCH = YES;
				"CODE_SIGN_IDENTITY[sdk=iphoneos*]" = "iPhone Developer";
				COPY_PHASE_STRIP = NO;
				DEBUG_INFORMATION_FORMAT = "dwarf-with-dsym";
				ENABLE_NS_ASSERTIONS = NO;
				ENABLE_STRICT_OBJC_MSGSEND = YES;
				GCC_C_LANGUAGE_STANDARD = gnu99;
				GCC_NO_COMMON_BLOCKS = YES;
				GCC_WARN_64_TO_32_BIT_CONVERSION = YES;
				GCC_WARN_ABOUT_RETURN_TYPE = YES_ERROR;
				GCC_WARN_UNDECLARED_SELECTOR = YES;
				GCC_WARN_UNINITIALIZED_AUTOS = YES_AGGRESSIVE;
				GCC_WARN_UNUSED_FUNCTION = YES;
				GCC_WARN_UNUSED_VARIABLE = YES;
				IPHONEOS_DEPLOYMENT_TARGET = 10.0;
				MTL_ENABLE_DEBUG_INFO = NO;
				SDKROOT = iphoneos;
				SWIFT_OPTIMIZATION_LEVEL = "-Owholemodule";
				TARGETED_DEVICE_FAMILY = "1,2";
				VALIDATE_PRODUCT = YES;
			};
			name = Release;
		};
		526360AF1DDB389800701DEB /* Debug */ = {
			isa = XCBuildConfiguration;
			buildSettings = {
				ASSETCATALOG_COMPILER_APPICON_NAME = AppIcon;
				DEVELOPMENT_TEAM = F93Z63QDN8;
				FRAMEWORK_SEARCH_PATHS = (
					"$(inherited)",
					"$(PROJECT_DIR)",
					"$(PROJECT_DIR)/iBarber",
					"$(PROJECT_DIR)/swift-3.0",
				);
				INFOPLIST_FILE = iBarber/Info.plist;
				LD_RUNPATH_SEARCH_PATHS = "$(inherited) @executable_path/Frameworks";
				PRODUCT_BUNDLE_IDENTIFIER = hu.lacas.shark.iBarber;
				PRODUCT_NAME = "$(TARGET_NAME)";
				SWIFT_VERSION = 3.0;
			};
			name = Debug;
		};
		526360B01DDB389800701DEB /* Release */ = {
			isa = XCBuildConfiguration;
			buildSettings = {
				ASSETCATALOG_COMPILER_APPICON_NAME = AppIcon;
				DEVELOPMENT_TEAM = F93Z63QDN8;
				FRAMEWORK_SEARCH_PATHS = (
					"$(inherited)",
					"$(PROJECT_DIR)",
					"$(PROJECT_DIR)/iBarber",
					"$(PROJECT_DIR)/swift-3.0",
				);
				INFOPLIST_FILE = iBarber/Info.plist;
				LD_RUNPATH_SEARCH_PATHS = "$(inherited) @executable_path/Frameworks";
				PRODUCT_BUNDLE_IDENTIFIER = hu.lacas.shark.iBarber;
				PRODUCT_NAME = "$(TARGET_NAME)";
				SWIFT_VERSION = 3.0;
			};
			name = Release;
		};
/* End XCBuildConfiguration section */

/* Begin XCConfigurationList section */
		526360951DDB389700701DEB /* Build configuration list for PBXProject "iBarber" */ = {
			isa = XCConfigurationList;
			buildConfigurations = (
				526360AC1DDB389800701DEB /* Debug */,
				526360AD1DDB389800701DEB /* Release */,
			);
			defaultConfigurationIsVisible = 0;
			defaultConfigurationName = Release;
		};
		526360AE1DDB389800701DEB /* Build configuration list for PBXNativeTarget "iBarber" */ = {
			isa = XCConfigurationList;
			buildConfigurations = (
				526360AF1DDB389800701DEB /* Debug */,
				526360B01DDB389800701DEB /* Release */,
			);
			defaultConfigurationIsVisible = 0;
			defaultConfigurationName = Release;
		};
/* End XCConfigurationList section */
	};
	rootObject = 526360921DDB389700701DEB /* Project object */;
}
